// !$*UTF8*$!
{
	archiveVersion = 1;
	classes = {
	};
	objectVersion = 51;
	objects = {

/* Begin PBXBuildFile section */
		00BCD374B6766690F3661C20 /* Pods_FearlessVideoFilterTests.framework in Frameworks */ = {isa = PBXBuildFile; fileRef = F8925DE27A54E60230CDC651 /* Pods_FearlessVideoFilterTests.framework */; };
		0CF119ED0919F4FAF3574CC9 /* Pods_FearlessVideoFilter_FearlessVideoFilterUITests.framework in Frameworks */ = {isa = PBXBuildFile; fileRef = B4D17B75E7F8285B3E94488E /* Pods_FearlessVideoFilter_FearlessVideoFilterUITests.framework */; };
		25F8B98A2462C119005A4CC4 /* AppDelegate.swift in Sources */ = {isa = PBXBuildFile; fileRef = 25F8B9892462C119005A4CC4 /* AppDelegate.swift */; };
		25F8B98C2462C119005A4CC4 /* SceneDelegate.swift in Sources */ = {isa = PBXBuildFile; fileRef = 25F8B98B2462C119005A4CC4 /* SceneDelegate.swift */; };
		25F8B98E2462C119005A4CC4 /* MainViewController.swift in Sources */ = {isa = PBXBuildFile; fileRef = 25F8B98D2462C119005A4CC4 /* MainViewController.swift */; };
		25F8B9912462C119005A4CC4 /* Main.storyboard in Resources */ = {isa = PBXBuildFile; fileRef = 25F8B98F2462C119005A4CC4 /* Main.storyboard */; };
		25F8B9932462C11B005A4CC4 /* Assets.xcassets in Resources */ = {isa = PBXBuildFile; fileRef = 25F8B9922462C11B005A4CC4 /* Assets.xcassets */; };
		25F8B9962462C11B005A4CC4 /* LaunchScreen.storyboard in Resources */ = {isa = PBXBuildFile; fileRef = 25F8B9942462C11B005A4CC4 /* LaunchScreen.storyboard */; };
		25F8B9A12462C11B005A4CC4 /* FearlessVideoFilterTests.swift in Sources */ = {isa = PBXBuildFile; fileRef = 25F8B9A02462C11B005A4CC4 /* FearlessVideoFilterTests.swift */; };
		25F8B9AC2462C11B005A4CC4 /* FearlessVideoFilterUITests.swift in Sources */ = {isa = PBXBuildFile; fileRef = 25F8B9AB2462C11B005A4CC4 /* FearlessVideoFilterUITests.swift */; };
		25F8B9C12463EA32005A4CC4 /* VideoCollectionViewCell.swift in Sources */ = {isa = PBXBuildFile; fileRef = 25F8B9BF2463EA32005A4CC4 /* VideoCollectionViewCell.swift */; };
		25F8B9C22463EA32005A4CC4 /* VideoCollectionViewCell.xib in Resources */ = {isa = PBXBuildFile; fileRef = 25F8B9C02463EA32005A4CC4 /* VideoCollectionViewCell.xib */; };
		25F8B9DC2463FFD1005A4CC4 /* VideoInfo.swift in Sources */ = {isa = PBXBuildFile; fileRef = 25F8B9DB2463FFD1005A4CC4 /* VideoInfo.swift */; };
		25F8B9E02464099F005A4CC4 /* samsara_room_2_thumbnail.png in Resources */ = {isa = PBXBuildFile; fileRef = 25F8B9DE2464099F005A4CC4 /* samsara_room_2_thumbnail.png */; };
		25F8B9E12464099F005A4CC4 /* samsara_room_3_thumbnail.png in Resources */ = {isa = PBXBuildFile; fileRef = 25F8B9DF2464099F005A4CC4 /* samsara_room_3_thumbnail.png */; };
		25F8B9EA24641547005A4CC4 /* dorothy_2.mov in Resources */ = {isa = PBXBuildFile; fileRef = 25F8B9E224641516005A4CC4 /* dorothy_2.mov */; };
		25F8B9ED24641547005A4CC4 /* dorothy_1.mov in Resources */ = {isa = PBXBuildFile; fileRef = 25F8B9E524641534005A4CC4 /* dorothy_1.mov */; };
		25F8B9EE24641547005A4CC4 /* dorothy_1_thumbnail.png in Resources */ = {isa = PBXBuildFile; fileRef = 25F8B9E624641537005A4CC4 /* dorothy_1_thumbnail.png */; };
		25F8B9F024641547005A4CC4 /* dorothy_2_thumbnail.png in Resources */ = {isa = PBXBuildFile; fileRef = 25F8B9E824641544005A4CC4 /* dorothy_2_thumbnail.png */; };
		25F8B9F124641547005A4CC4 /* samsara_room_1_thumbnail.png in Resources */ = {isa = PBXBuildFile; fileRef = 25F8B9E924641546005A4CC4 /* samsara_room_1_thumbnail.png */; };
		25F8B9F424642D76005A4CC4 /* VideoInfoData.json in Resources */ = {isa = PBXBuildFile; fileRef = 25F8B9F324642D76005A4CC4 /* VideoInfoData.json */; };
		25F8B9F82464359C005A4CC4 /* samsara_room_3.mov in Resources */ = {isa = PBXBuildFile; fileRef = 25F8B9F524643597005A4CC4 /* samsara_room_3.mov */; };
		25F8B9F92464359C005A4CC4 /* samsara_room_1.mov in Resources */ = {isa = PBXBuildFile; fileRef = 25F8B9F62464359A005A4CC4 /* samsara_room_1.mov */; };
		25F8B9FA2464359C005A4CC4 /* samsara_room_2.mov in Resources */ = {isa = PBXBuildFile; fileRef = 25F8B9F72464359C005A4CC4 /* samsara_room_2.mov */; };
		25F8B9FC24644F5E005A4CC4 /* FilteredPlayerItem.swift in Sources */ = {isa = PBXBuildFile; fileRef = 25F8B9FB24644F5E005A4CC4 /* FilteredPlayerItem.swift */; };
		94B8D797BF5EF7D7A963837F /* Pods_FearlessVideoFilter.framework in Frameworks */ = {isa = PBXBuildFile; fileRef = 0E6160DAFA8622FBCF329A6F /* Pods_FearlessVideoFilter.framework */; };
/* End PBXBuildFile section */

/* Begin PBXContainerItemProxy section */
		25F8B99D2462C11B005A4CC4 /* PBXContainerItemProxy */ = {
			isa = PBXContainerItemProxy;
			containerPortal = 25F8B97E2462C119005A4CC4 /* Project object */;
			proxyType = 1;
			remoteGlobalIDString = 25F8B9852462C119005A4CC4;
			remoteInfo = FearlessVideoFilter;
		};
		25F8B9A82462C11B005A4CC4 /* PBXContainerItemProxy */ = {
			isa = PBXContainerItemProxy;
			containerPortal = 25F8B97E2462C119005A4CC4 /* Project object */;
			proxyType = 1;
			remoteGlobalIDString = 25F8B9852462C119005A4CC4;
			remoteInfo = FearlessVideoFilter;
		};
/* End PBXContainerItemProxy section */

/* Begin PBXFileReference section */
		0E6160DAFA8622FBCF329A6F /* Pods_FearlessVideoFilter.framework */ = {isa = PBXFileReference; explicitFileType = wrapper.framework; includeInIndex = 0; path = Pods_FearlessVideoFilter.framework; sourceTree = BUILT_PRODUCTS_DIR; };
		25F8B9862462C119005A4CC4 /* FearlessVideoFilter.app */ = {isa = PBXFileReference; explicitFileType = wrapper.application; includeInIndex = 0; path = FearlessVideoFilter.app; sourceTree = BUILT_PRODUCTS_DIR; };
		25F8B9892462C119005A4CC4 /* AppDelegate.swift */ = {isa = PBXFileReference; lastKnownFileType = sourcecode.swift; path = AppDelegate.swift; sourceTree = "<group>"; };
		25F8B98B2462C119005A4CC4 /* SceneDelegate.swift */ = {isa = PBXFileReference; lastKnownFileType = sourcecode.swift; path = SceneDelegate.swift; sourceTree = "<group>"; };
		25F8B98D2462C119005A4CC4 /* MainViewController.swift */ = {isa = PBXFileReference; lastKnownFileType = sourcecode.swift; path = MainViewController.swift; sourceTree = "<group>"; };
		25F8B9902462C119005A4CC4 /* Base */ = {isa = PBXFileReference; lastKnownFileType = file.storyboard; name = Base; path = Base.lproj/Main.storyboard; sourceTree = "<group>"; };
		25F8B9922462C11B005A4CC4 /* Assets.xcassets */ = {isa = PBXFileReference; lastKnownFileType = folder.assetcatalog; path = Assets.xcassets; sourceTree = "<group>"; };
		25F8B9952462C11B005A4CC4 /* Base */ = {isa = PBXFileReference; lastKnownFileType = file.storyboard; name = Base; path = Base.lproj/LaunchScreen.storyboard; sourceTree = "<group>"; };
		25F8B9972462C11B005A4CC4 /* Info.plist */ = {isa = PBXFileReference; lastKnownFileType = text.plist.xml; path = Info.plist; sourceTree = "<group>"; };
		25F8B99C2462C11B005A4CC4 /* FearlessVideoFilterTests.xctest */ = {isa = PBXFileReference; explicitFileType = wrapper.cfbundle; includeInIndex = 0; path = FearlessVideoFilterTests.xctest; sourceTree = BUILT_PRODUCTS_DIR; };
		25F8B9A02462C11B005A4CC4 /* FearlessVideoFilterTests.swift */ = {isa = PBXFileReference; lastKnownFileType = sourcecode.swift; path = FearlessVideoFilterTests.swift; sourceTree = "<group>"; };
		25F8B9A22462C11B005A4CC4 /* Info.plist */ = {isa = PBXFileReference; lastKnownFileType = text.plist.xml; path = Info.plist; sourceTree = "<group>"; };
		25F8B9A72462C11B005A4CC4 /* FearlessVideoFilterUITests.xctest */ = {isa = PBXFileReference; explicitFileType = wrapper.cfbundle; includeInIndex = 0; path = FearlessVideoFilterUITests.xctest; sourceTree = BUILT_PRODUCTS_DIR; };
		25F8B9AB2462C11B005A4CC4 /* FearlessVideoFilterUITests.swift */ = {isa = PBXFileReference; lastKnownFileType = sourcecode.swift; path = FearlessVideoFilterUITests.swift; sourceTree = "<group>"; };
		25F8B9AD2462C11B005A4CC4 /* Info.plist */ = {isa = PBXFileReference; lastKnownFileType = text.plist.xml; path = Info.plist; sourceTree = "<group>"; };
		25F8B9BF2463EA32005A4CC4 /* VideoCollectionViewCell.swift */ = {isa = PBXFileReference; lastKnownFileType = sourcecode.swift; path = VideoCollectionViewCell.swift; sourceTree = "<group>"; };
		25F8B9C02463EA32005A4CC4 /* VideoCollectionViewCell.xib */ = {isa = PBXFileReference; lastKnownFileType = file.xib; path = VideoCollectionViewCell.xib; sourceTree = "<group>"; };
		25F8B9DB2463FFD1005A4CC4 /* VideoInfo.swift */ = {isa = PBXFileReference; lastKnownFileType = sourcecode.swift; path = VideoInfo.swift; sourceTree = "<group>"; };
		25F8B9DE2464099F005A4CC4 /* samsara_room_2_thumbnail.png */ = {isa = PBXFileReference; lastKnownFileType = image.png; path = samsara_room_2_thumbnail.png; sourceTree = "<group>"; };
		25F8B9DF2464099F005A4CC4 /* samsara_room_3_thumbnail.png */ = {isa = PBXFileReference; lastKnownFileType = image.png; path = samsara_room_3_thumbnail.png; sourceTree = "<group>"; };
		25F8B9E224641516005A4CC4 /* dorothy_2.mov */ = {isa = PBXFileReference; lastKnownFileType = video.quicktime; path = dorothy_2.mov; sourceTree = "<group>"; };
		25F8B9E524641534005A4CC4 /* dorothy_1.mov */ = {isa = PBXFileReference; lastKnownFileType = video.quicktime; path = dorothy_1.mov; sourceTree = "<group>"; };
		25F8B9E624641537005A4CC4 /* dorothy_1_thumbnail.png */ = {isa = PBXFileReference; lastKnownFileType = image.png; path = dorothy_1_thumbnail.png; sourceTree = "<group>"; };
		25F8B9E824641544005A4CC4 /* dorothy_2_thumbnail.png */ = {isa = PBXFileReference; lastKnownFileType = image.png; path = dorothy_2_thumbnail.png; sourceTree = "<group>"; };
		25F8B9E924641546005A4CC4 /* samsara_room_1_thumbnail.png */ = {isa = PBXFileReference; lastKnownFileType = image.png; path = samsara_room_1_thumbnail.png; sourceTree = "<group>"; };
		25F8B9F324642D76005A4CC4 /* VideoInfoData.json */ = {isa = PBXFileReference; fileEncoding = 4; lastKnownFileType = text.json; path = VideoInfoData.json; sourceTree = "<group>"; };
		25F8B9F524643597005A4CC4 /* samsara_room_3.mov */ = {isa = PBXFileReference; lastKnownFileType = video.quicktime; path = samsara_room_3.mov; sourceTree = "<group>"; };
		25F8B9F62464359A005A4CC4 /* samsara_room_1.mov */ = {isa = PBXFileReference; lastKnownFileType = video.quicktime; path = samsara_room_1.mov; sourceTree = "<group>"; };
		25F8B9F72464359C005A4CC4 /* samsara_room_2.mov */ = {isa = PBXFileReference; lastKnownFileType = video.quicktime; path = samsara_room_2.mov; sourceTree = "<group>"; };
		25F8B9FB24644F5E005A4CC4 /* FilteredPlayerItem.swift */ = {isa = PBXFileReference; lastKnownFileType = sourcecode.swift; path = FilteredPlayerItem.swift; sourceTree = "<group>"; };
		47E2633032CF1E94EA508D9A /* Pods-FearlessVideoFilter.release.xcconfig */ = {isa = PBXFileReference; includeInIndex = 1; lastKnownFileType = text.xcconfig; name = "Pods-FearlessVideoFilter.release.xcconfig"; path = "Target Support Files/Pods-FearlessVideoFilter/Pods-FearlessVideoFilter.release.xcconfig"; sourceTree = "<group>"; };
		59D9BAE6ADE0A6AEF3F2F68A /* Pods-FearlessVideoFilter.debug.xcconfig */ = {isa = PBXFileReference; includeInIndex = 1; lastKnownFileType = text.xcconfig; name = "Pods-FearlessVideoFilter.debug.xcconfig"; path = "Target Support Files/Pods-FearlessVideoFilter/Pods-FearlessVideoFilter.debug.xcconfig"; sourceTree = "<group>"; };
		807DBB14A3404E8DBE41FB9B /* Pods-FearlessVideoFilter-FearlessVideoFilterUITests.release.xcconfig */ = {isa = PBXFileReference; includeInIndex = 1; lastKnownFileType = text.xcconfig; name = "Pods-FearlessVideoFilter-FearlessVideoFilterUITests.release.xcconfig"; path = "Target Support Files/Pods-FearlessVideoFilter-FearlessVideoFilterUITests/Pods-FearlessVideoFilter-FearlessVideoFilterUITests.release.xcconfig"; sourceTree = "<group>"; };
		8A77B94CD8CD5E92AF4B8F2D /* Pods-FearlessVideoFilterTests.debug.xcconfig */ = {isa = PBXFileReference; includeInIndex = 1; lastKnownFileType = text.xcconfig; name = "Pods-FearlessVideoFilterTests.debug.xcconfig"; path = "Target Support Files/Pods-FearlessVideoFilterTests/Pods-FearlessVideoFilterTests.debug.xcconfig"; sourceTree = "<group>"; };
		8E270368536864220C39F3BE /* Pods-FearlessVideoFilter-FearlessVideoFilterUITests.debug.xcconfig */ = {isa = PBXFileReference; includeInIndex = 1; lastKnownFileType = text.xcconfig; name = "Pods-FearlessVideoFilter-FearlessVideoFilterUITests.debug.xcconfig"; path = "Target Support Files/Pods-FearlessVideoFilter-FearlessVideoFilterUITests/Pods-FearlessVideoFilter-FearlessVideoFilterUITests.debug.xcconfig"; sourceTree = "<group>"; };
		B4D17B75E7F8285B3E94488E /* Pods_FearlessVideoFilter_FearlessVideoFilterUITests.framework */ = {isa = PBXFileReference; explicitFileType = wrapper.framework; includeInIndex = 0; path = Pods_FearlessVideoFilter_FearlessVideoFilterUITests.framework; sourceTree = BUILT_PRODUCTS_DIR; };
		BFF3324FC06636AF4CA097E6 /* Pods-FearlessVideoFilterTests.release.xcconfig */ = {isa = PBXFileReference; includeInIndex = 1; lastKnownFileType = text.xcconfig; name = "Pods-FearlessVideoFilterTests.release.xcconfig"; path = "Target Support Files/Pods-FearlessVideoFilterTests/Pods-FearlessVideoFilterTests.release.xcconfig"; sourceTree = "<group>"; };
		F8925DE27A54E60230CDC651 /* Pods_FearlessVideoFilterTests.framework */ = {isa = PBXFileReference; explicitFileType = wrapper.framework; includeInIndex = 0; path = Pods_FearlessVideoFilterTests.framework; sourceTree = BUILT_PRODUCTS_DIR; };
/* End PBXFileReference section */

/* Begin PBXFrameworksBuildPhase section */
		25F8B9832462C119005A4CC4 /* Frameworks */ = {
			isa = PBXFrameworksBuildPhase;
			buildActionMask = 2147483647;
			files = (
				94B8D797BF5EF7D7A963837F /* Pods_FearlessVideoFilter.framework in Frameworks */,
			);
			runOnlyForDeploymentPostprocessing = 0;
		};
		25F8B9992462C11B005A4CC4 /* Frameworks */ = {
			isa = PBXFrameworksBuildPhase;
			buildActionMask = 2147483647;
			files = (
				00BCD374B6766690F3661C20 /* Pods_FearlessVideoFilterTests.framework in Frameworks */,
			);
			runOnlyForDeploymentPostprocessing = 0;
		};
		25F8B9A42462C11B005A4CC4 /* Frameworks */ = {
			isa = PBXFrameworksBuildPhase;
			buildActionMask = 2147483647;
			files = (
				0CF119ED0919F4FAF3574CC9 /* Pods_FearlessVideoFilter_FearlessVideoFilterUITests.framework in Frameworks */,
			);
			runOnlyForDeploymentPostprocessing = 0;
		};
/* End PBXFrameworksBuildPhase section */

/* Begin PBXGroup section */
		25F8B97D2462C119005A4CC4 = {
			isa = PBXGroup;
			children = (
				25F8B9DD24640955005A4CC4 /* Resources */,
				25F8B9882462C119005A4CC4 /* FearlessVideoFilter */,
				25F8B99F2462C11B005A4CC4 /* FearlessVideoFilterTests */,
				25F8B9AA2462C11B005A4CC4 /* FearlessVideoFilterUITests */,
				25F8B9872462C119005A4CC4 /* Products */,
				E31B80BD65A0FB27F5B41565 /* Pods */,
				A959C05A8DAA8522D7FDDE68 /* Frameworks */,
			);
			sourceTree = "<group>";
		};
		25F8B9872462C119005A4CC4 /* Products */ = {
			isa = PBXGroup;
			children = (
				25F8B9862462C119005A4CC4 /* FearlessVideoFilter.app */,
				25F8B99C2462C11B005A4CC4 /* FearlessVideoFilterTests.xctest */,
				25F8B9A72462C11B005A4CC4 /* FearlessVideoFilterUITests.xctest */,
			);
			name = Products;
			sourceTree = "<group>";
		};
		25F8B9882462C119005A4CC4 /* FearlessVideoFilter */ = {
			isa = PBXGroup;
			children = (
				25F8B9F224642CCC005A4CC4 /* Models */,
				25F8B9C32463EA3E005A4CC4 /* UI */,
				25F8B9892462C119005A4CC4 /* AppDelegate.swift */,
				25F8B98B2462C119005A4CC4 /* SceneDelegate.swift */,
				25F8B98F2462C119005A4CC4 /* Main.storyboard */,
				25F8B9922462C11B005A4CC4 /* Assets.xcassets */,
				25F8B9942462C11B005A4CC4 /* LaunchScreen.storyboard */,
				25F8B9972462C11B005A4CC4 /* Info.plist */,
			);
			path = FearlessVideoFilter;
			sourceTree = "<group>";
		};
		25F8B99F2462C11B005A4CC4 /* FearlessVideoFilterTests */ = {
			isa = PBXGroup;
			children = (
				25F8B9A02462C11B005A4CC4 /* FearlessVideoFilterTests.swift */,
				25F8B9A22462C11B005A4CC4 /* Info.plist */,
			);
			path = FearlessVideoFilterTests;
			sourceTree = "<group>";
		};
		25F8B9AA2462C11B005A4CC4 /* FearlessVideoFilterUITests */ = {
			isa = PBXGroup;
			children = (
				25F8B9AB2462C11B005A4CC4 /* FearlessVideoFilterUITests.swift */,
				25F8B9AD2462C11B005A4CC4 /* Info.plist */,
			);
			path = FearlessVideoFilterUITests;
			sourceTree = "<group>";
		};
		25F8B9C32463EA3E005A4CC4 /* UI */ = {
			isa = PBXGroup;
			children = (
				25F8B98D2462C119005A4CC4 /* MainViewController.swift */,
				25F8B9BF2463EA32005A4CC4 /* VideoCollectionViewCell.swift */,
				25F8B9C02463EA32005A4CC4 /* VideoCollectionViewCell.xib */,
			);
			path = UI;
			sourceTree = "<group>";
		};
		25F8B9DD24640955005A4CC4 /* Resources */ = {
			isa = PBXGroup;
			children = (
				25F8B9F324642D76005A4CC4 /* VideoInfoData.json */,
				25F8B9E624641537005A4CC4 /* dorothy_1_thumbnail.png */,
				25F8B9E524641534005A4CC4 /* dorothy_1.mov */,
				25F8B9E824641544005A4CC4 /* dorothy_2_thumbnail.png */,
				25F8B9E224641516005A4CC4 /* dorothy_2.mov */,
				25F8B9F62464359A005A4CC4 /* samsara_room_1.mov */,
				25F8B9F72464359C005A4CC4 /* samsara_room_2.mov */,
				25F8B9F524643597005A4CC4 /* samsara_room_3.mov */,
				25F8B9E924641546005A4CC4 /* samsara_room_1_thumbnail.png */,
				25F8B9DE2464099F005A4CC4 /* samsara_room_2_thumbnail.png */,
				25F8B9DF2464099F005A4CC4 /* samsara_room_3_thumbnail.png */,
			);
			path = Resources;
			sourceTree = "<group>";
		};
		25F8B9F224642CCC005A4CC4 /* Models */ = {
			isa = PBXGroup;
			children = (
				25F8B9DB2463FFD1005A4CC4 /* VideoInfo.swift */,
				25F8B9FB24644F5E005A4CC4 /* FilteredPlayerItem.swift */,
			);
			path = Models;
			sourceTree = "<group>";
		};
		A959C05A8DAA8522D7FDDE68 /* Frameworks */ = {
			isa = PBXGroup;
			children = (
				0E6160DAFA8622FBCF329A6F /* Pods_FearlessVideoFilter.framework */,
				B4D17B75E7F8285B3E94488E /* Pods_FearlessVideoFilter_FearlessVideoFilterUITests.framework */,
				F8925DE27A54E60230CDC651 /* Pods_FearlessVideoFilterTests.framework */,
			);
			name = Frameworks;
			sourceTree = "<group>";
		};
		E31B80BD65A0FB27F5B41565 /* Pods */ = {
			isa = PBXGroup;
			children = (
				59D9BAE6ADE0A6AEF3F2F68A /* Pods-FearlessVideoFilter.debug.xcconfig */,
				47E2633032CF1E94EA508D9A /* Pods-FearlessVideoFilter.release.xcconfig */,
				8E270368536864220C39F3BE /* Pods-FearlessVideoFilter-FearlessVideoFilterUITests.debug.xcconfig */,
				807DBB14A3404E8DBE41FB9B /* Pods-FearlessVideoFilter-FearlessVideoFilterUITests.release.xcconfig */,
				8A77B94CD8CD5E92AF4B8F2D /* Pods-FearlessVideoFilterTests.debug.xcconfig */,
				BFF3324FC06636AF4CA097E6 /* Pods-FearlessVideoFilterTests.release.xcconfig */,
			);
			path = Pods;
			sourceTree = "<group>";
		};
/* End PBXGroup section */

/* Begin PBXNativeTarget section */
		25F8B9852462C119005A4CC4 /* FearlessVideoFilter */ = {
			isa = PBXNativeTarget;
			buildConfigurationList = 25F8B9B02462C11B005A4CC4 /* Build configuration list for PBXNativeTarget "FearlessVideoFilter" */;
			buildPhases = (
				F4D769A7452BA50A9183ABE1 /* [CP] Check Pods Manifest.lock */,
				25F8B9822462C119005A4CC4 /* Sources */,
				25F8B9832462C119005A4CC4 /* Frameworks */,
				25F8B9842462C119005A4CC4 /* Resources */,
				727AEA1099D56C19A99C9FBD /* [CP] Embed Pods Frameworks */,
			);
			buildRules = (
			);
			dependencies = (
			);
			name = FearlessVideoFilter;
			productName = FearlessVideoFilter;
			productReference = 25F8B9862462C119005A4CC4 /* FearlessVideoFilter.app */;
			productType = "com.apple.product-type.application";
		};
		25F8B99B2462C11B005A4CC4 /* FearlessVideoFilterTests */ = {
			isa = PBXNativeTarget;
			buildConfigurationList = 25F8B9B32462C11B005A4CC4 /* Build configuration list for PBXNativeTarget "FearlessVideoFilterTests" */;
			buildPhases = (
				0C3804DB6F3BE693DE6D7A52 /* [CP] Check Pods Manifest.lock */,
				25F8B9982462C11B005A4CC4 /* Sources */,
				25F8B9992462C11B005A4CC4 /* Frameworks */,
				25F8B99A2462C11B005A4CC4 /* Resources */,
			);
			buildRules = (
			);
			dependencies = (
				25F8B99E2462C11B005A4CC4 /* PBXTargetDependency */,
			);
			name = FearlessVideoFilterTests;
			productName = FearlessVideoFilterTests;
			productReference = 25F8B99C2462C11B005A4CC4 /* FearlessVideoFilterTests.xctest */;
			productType = "com.apple.product-type.bundle.unit-test";
		};
		25F8B9A62462C11B005A4CC4 /* FearlessVideoFilterUITests */ = {
			isa = PBXNativeTarget;
			buildConfigurationList = 25F8B9B62462C11B005A4CC4 /* Build configuration list for PBXNativeTarget "FearlessVideoFilterUITests" */;
			buildPhases = (
				A8CEE6E1ABD40A33DDB43FB1 /* [CP] Check Pods Manifest.lock */,
				25F8B9A32462C11B005A4CC4 /* Sources */,
				25F8B9A42462C11B005A4CC4 /* Frameworks */,
				25F8B9A52462C11B005A4CC4 /* Resources */,
				802FC0C094FEC55A1C224F2B /* [CP] Embed Pods Frameworks */,
			);
			buildRules = (
			);
			dependencies = (
				25F8B9A92462C11B005A4CC4 /* PBXTargetDependency */,
			);
			name = FearlessVideoFilterUITests;
			productName = FearlessVideoFilterUITests;
			productReference = 25F8B9A72462C11B005A4CC4 /* FearlessVideoFilterUITests.xctest */;
			productType = "com.apple.product-type.bundle.ui-testing";
		};
/* End PBXNativeTarget section */

/* Begin PBXProject section */
		25F8B97E2462C119005A4CC4 /* Project object */ = {
			isa = PBXProject;
			attributes = {
				LastSwiftUpdateCheck = 1130;
				LastUpgradeCheck = 1130;
				ORGANIZATIONNAME = Hackday2020;
				TargetAttributes = {
					25F8B9852462C119005A4CC4 = {
						CreatedOnToolsVersion = 11.3;
					};
					25F8B99B2462C11B005A4CC4 = {
						CreatedOnToolsVersion = 11.3;
						TestTargetID = 25F8B9852462C119005A4CC4;
					};
					25F8B9A62462C11B005A4CC4 = {
						CreatedOnToolsVersion = 11.3;
						TestTargetID = 25F8B9852462C119005A4CC4;
					};
				};
			};
			buildConfigurationList = 25F8B9812462C119005A4CC4 /* Build configuration list for PBXProject "FearlessVideoFilter" */;
			compatibilityVersion = "Xcode 9.3";
			developmentRegion = en;
			hasScannedForEncodings = 0;
			knownRegions = (
				en,
				Base,
			);
			mainGroup = 25F8B97D2462C119005A4CC4;
			productRefGroup = 25F8B9872462C119005A4CC4 /* Products */;
			projectDirPath = "";
			projectRoot = "";
			targets = (
				25F8B9852462C119005A4CC4 /* FearlessVideoFilter */,
				25F8B99B2462C11B005A4CC4 /* FearlessVideoFilterTests */,
				25F8B9A62462C11B005A4CC4 /* FearlessVideoFilterUITests */,
			);
		};
/* End PBXProject section */

/* Begin PBXResourcesBuildPhase section */
		25F8B9842462C119005A4CC4 /* Resources */ = {
			isa = PBXResourcesBuildPhase;
			buildActionMask = 2147483647;
			files = (
				25F8B9F82464359C005A4CC4 /* samsara_room_3.mov in Resources */,
				25F8B9F92464359C005A4CC4 /* samsara_room_1.mov in Resources */,
				25F8B9FA2464359C005A4CC4 /* samsara_room_2.mov in Resources */,
				25F8B9EA24641547005A4CC4 /* dorothy_2.mov in Resources */,
				25F8B9F424642D76005A4CC4 /* VideoInfoData.json in Resources */,
				25F8B9ED24641547005A4CC4 /* dorothy_1.mov in Resources */,
				25F8B9EE24641547005A4CC4 /* dorothy_1_thumbnail.png in Resources */,
				25F8B9F024641547005A4CC4 /* dorothy_2_thumbnail.png in Resources */,
				25F8B9F124641547005A4CC4 /* samsara_room_1_thumbnail.png in Resources */,
				25F8B9E02464099F005A4CC4 /* samsara_room_2_thumbnail.png in Resources */,
				25F8B9E12464099F005A4CC4 /* samsara_room_3_thumbnail.png in Resources */,
				25F8B9962462C11B005A4CC4 /* LaunchScreen.storyboard in Resources */,
				25F8B9932462C11B005A4CC4 /* Assets.xcassets in Resources */,
				25F8B9C22463EA32005A4CC4 /* VideoCollectionViewCell.xib in Resources */,
				25F8B9912462C119005A4CC4 /* Main.storyboard in Resources */,
			);
			runOnlyForDeploymentPostprocessing = 0;
		};
		25F8B99A2462C11B005A4CC4 /* Resources */ = {
			isa = PBXResourcesBuildPhase;
			buildActionMask = 2147483647;
			files = (
			);
			runOnlyForDeploymentPostprocessing = 0;
		};
		25F8B9A52462C11B005A4CC4 /* Resources */ = {
			isa = PBXResourcesBuildPhase;
			buildActionMask = 2147483647;
			files = (
			);
			runOnlyForDeploymentPostprocessing = 0;
		};
/* End PBXResourcesBuildPhase section */

/* Begin PBXShellScriptBuildPhase section */
		0C3804DB6F3BE693DE6D7A52 /* [CP] Check Pods Manifest.lock */ = {
			isa = PBXShellScriptBuildPhase;
			buildActionMask = 2147483647;
			files = (
			);
			inputFileListPaths = (
			);
			inputPaths = (
				"${PODS_PODFILE_DIR_PATH}/Podfile.lock",
				"${PODS_ROOT}/Manifest.lock",
			);
			name = "[CP] Check Pods Manifest.lock";
			outputFileListPaths = (
			);
			outputPaths = (
				"$(DERIVED_FILE_DIR)/Pods-FearlessVideoFilterTests-checkManifestLockResult.txt",
			);
			runOnlyForDeploymentPostprocessing = 0;
			shellPath = /bin/sh;
			shellScript = "diff \"${PODS_PODFILE_DIR_PATH}/Podfile.lock\" \"${PODS_ROOT}/Manifest.lock\" > /dev/null\nif [ $? != 0 ] ; then\n    # print error to STDERR\n    echo \"error: The sandbox is not in sync with the Podfile.lock. Run 'pod install' or update your CocoaPods installation.\" >&2\n    exit 1\nfi\n# This output is used by Xcode 'outputs' to avoid re-running this script phase.\necho \"SUCCESS\" > \"${SCRIPT_OUTPUT_FILE_0}\"\n";
			showEnvVarsInLog = 0;
		};
		727AEA1099D56C19A99C9FBD /* [CP] Embed Pods Frameworks */ = {
			isa = PBXShellScriptBuildPhase;
			buildActionMask = 2147483647;
			files = (
			);
			inputFileListPaths = (
				"${PODS_ROOT}/Target Support Files/Pods-FearlessVideoFilter/Pods-FearlessVideoFilter-frameworks-${CONFIGURATION}-input-files.xcfilelist",
			);
			name = "[CP] Embed Pods Frameworks";
			outputFileListPaths = (
				"${PODS_ROOT}/Target Support Files/Pods-FearlessVideoFilter/Pods-FearlessVideoFilter-frameworks-${CONFIGURATION}-output-files.xcfilelist",
			);
			runOnlyForDeploymentPostprocessing = 0;
			shellPath = /bin/sh;
			shellScript = "\"${PODS_ROOT}/Target Support Files/Pods-FearlessVideoFilter/Pods-FearlessVideoFilter-frameworks.sh\"\n";
			showEnvVarsInLog = 0;
		};
		802FC0C094FEC55A1C224F2B /* [CP] Embed Pods Frameworks */ = {
			isa = PBXShellScriptBuildPhase;
			buildActionMask = 2147483647;
			files = (
			);
			inputFileListPaths = (
				"${PODS_ROOT}/Target Support Files/Pods-FearlessVideoFilter-FearlessVideoFilterUITests/Pods-FearlessVideoFilter-FearlessVideoFilterUITests-frameworks-${CONFIGURATION}-input-files.xcfilelist",
			);
			name = "[CP] Embed Pods Frameworks";
			outputFileListPaths = (
				"${PODS_ROOT}/Target Support Files/Pods-FearlessVideoFilter-FearlessVideoFilterUITests/Pods-FearlessVideoFilter-FearlessVideoFilterUITests-frameworks-${CONFIGURATION}-output-files.xcfilelist",
			);
			runOnlyForDeploymentPostprocessing = 0;
			shellPath = /bin/sh;
			shellScript = "\"${PODS_ROOT}/Target Support Files/Pods-FearlessVideoFilter-FearlessVideoFilterUITests/Pods-FearlessVideoFilter-FearlessVideoFilterUITests-frameworks.sh\"\n";
			showEnvVarsInLog = 0;
		};
		A8CEE6E1ABD40A33DDB43FB1 /* [CP] Check Pods Manifest.lock */ = {
			isa = PBXShellScriptBuildPhase;
			buildActionMask = 2147483647;
			files = (
			);
			inputFileListPaths = (
			);
			inputPaths = (
				"${PODS_PODFILE_DIR_PATH}/Podfile.lock",
				"${PODS_ROOT}/Manifest.lock",
			);
			name = "[CP] Check Pods Manifest.lock";
			outputFileListPaths = (
			);
			outputPaths = (
				"$(DERIVED_FILE_DIR)/Pods-FearlessVideoFilter-FearlessVideoFilterUITests-checkManifestLockResult.txt",
			);
			runOnlyForDeploymentPostprocessing = 0;
			shellPath = /bin/sh;
			shellScript = "diff \"${PODS_PODFILE_DIR_PATH}/Podfile.lock\" \"${PODS_ROOT}/Manifest.lock\" > /dev/null\nif [ $? != 0 ] ; then\n    # print error to STDERR\n    echo \"error: The sandbox is not in sync with the Podfile.lock. Run 'pod install' or update your CocoaPods installation.\" >&2\n    exit 1\nfi\n# This output is used by Xcode 'outputs' to avoid re-running this script phase.\necho \"SUCCESS\" > \"${SCRIPT_OUTPUT_FILE_0}\"\n";
			showEnvVarsInLog = 0;
		};
		F4D769A7452BA50A9183ABE1 /* [CP] Check Pods Manifest.lock */ = {
			isa = PBXShellScriptBuildPhase;
			buildActionMask = 2147483647;
			files = (
			);
			inputFileListPaths = (
			);
			inputPaths = (
				"${PODS_PODFILE_DIR_PATH}/Podfile.lock",
				"${PODS_ROOT}/Manifest.lock",
			);
			name = "[CP] Check Pods Manifest.lock";
			outputFileListPaths = (
			);
			outputPaths = (
				"$(DERIVED_FILE_DIR)/Pods-FearlessVideoFilter-checkManifestLockResult.txt",
			);
			runOnlyForDeploymentPostprocessing = 0;
			shellPath = /bin/sh;
			shellScript = "diff \"${PODS_PODFILE_DIR_PATH}/Podfile.lock\" \"${PODS_ROOT}/Manifest.lock\" > /dev/null\nif [ $? != 0 ] ; then\n    # print error to STDERR\n    echo \"error: The sandbox is not in sync with the Podfile.lock. Run 'pod install' or update your CocoaPods installation.\" >&2\n    exit 1\nfi\n# This output is used by Xcode 'outputs' to avoid re-running this script phase.\necho \"SUCCESS\" > \"${SCRIPT_OUTPUT_FILE_0}\"\n";
			showEnvVarsInLog = 0;
		};
/* End PBXShellScriptBuildPhase section */

/* Begin PBXSourcesBuildPhase section */
		25F8B9822462C119005A4CC4 /* Sources */ = {
			isa = PBXSourcesBuildPhase;
			buildActionMask = 2147483647;
			files = (
				25F8B98E2462C119005A4CC4 /* MainViewController.swift in Sources */,
				25F8B98A2462C119005A4CC4 /* AppDelegate.swift in Sources */,
				25F8B9DC2463FFD1005A4CC4 /* VideoInfo.swift in Sources */,
				25F8B9C12463EA32005A4CC4 /* VideoCollectionViewCell.swift in Sources */,
				25F8B9FC24644F5E005A4CC4 /* FilteredPlayerItem.swift in Sources */,
				25F8B98C2462C119005A4CC4 /* SceneDelegate.swift in Sources */,
			);
			runOnlyForDeploymentPostprocessing = 0;
		};
		25F8B9982462C11B005A4CC4 /* Sources */ = {
			isa = PBXSourcesBuildPhase;
			buildActionMask = 2147483647;
			files = (
				25F8B9A12462C11B005A4CC4 /* FearlessVideoFilterTests.swift in Sources */,
			);
			runOnlyForDeploymentPostprocessing = 0;
		};
		25F8B9A32462C11B005A4CC4 /* Sources */ = {
			isa = PBXSourcesBuildPhase;
			buildActionMask = 2147483647;
			files = (
				25F8B9AC2462C11B005A4CC4 /* FearlessVideoFilterUITests.swift in Sources */,
			);
			runOnlyForDeploymentPostprocessing = 0;
		};
/* End PBXSourcesBuildPhase section */

/* Begin PBXTargetDependency section */
		25F8B99E2462C11B005A4CC4 /* PBXTargetDependency */ = {
			isa = PBXTargetDependency;
			target = 25F8B9852462C119005A4CC4 /* FearlessVideoFilter */;
			targetProxy = 25F8B99D2462C11B005A4CC4 /* PBXContainerItemProxy */;
		};
		25F8B9A92462C11B005A4CC4 /* PBXTargetDependency */ = {
			isa = PBXTargetDependency;
			target = 25F8B9852462C119005A4CC4 /* FearlessVideoFilter */;
			targetProxy = 25F8B9A82462C11B005A4CC4 /* PBXContainerItemProxy */;
		};
/* End PBXTargetDependency section */

/* Begin PBXVariantGroup section */
		25F8B98F2462C119005A4CC4 /* Main.storyboard */ = {
			isa = PBXVariantGroup;
			children = (
				25F8B9902462C119005A4CC4 /* Base */,
			);
			name = Main.storyboard;
			sourceTree = "<group>";
		};
		25F8B9942462C11B005A4CC4 /* LaunchScreen.storyboard */ = {
			isa = PBXVariantGroup;
			children = (
				25F8B9952462C11B005A4CC4 /* Base */,
			);
			name = LaunchScreen.storyboard;
			sourceTree = "<group>";
		};
/* End PBXVariantGroup section */

/* Begin XCBuildConfiguration section */
		25F8B9AE2462C11B005A4CC4 /* Debug */ = {
			isa = XCBuildConfiguration;
			buildSettings = {
				ALWAYS_SEARCH_USER_PATHS = NO;
				CLANG_ANALYZER_NONNULL = YES;
				CLANG_ANALYZER_NUMBER_OBJECT_CONVERSION = YES_AGGRESSIVE;
				CLANG_CXX_LANGUAGE_STANDARD = "gnu++14";
				CLANG_CXX_LIBRARY = "libc++";
				CLANG_ENABLE_MODULES = YES;
				CLANG_ENABLE_OBJC_ARC = YES;
				CLANG_ENABLE_OBJC_WEAK = YES;
				CLANG_WARN_BLOCK_CAPTURE_AUTORELEASING = YES;
				CLANG_WARN_BOOL_CONVERSION = YES;
				CLANG_WARN_COMMA = YES;
				CLANG_WARN_CONSTANT_CONVERSION = YES;
				CLANG_WARN_DEPRECATED_OBJC_IMPLEMENTATIONS = YES;
				CLANG_WARN_DIRECT_OBJC_ISA_USAGE = YES_ERROR;
				CLANG_WARN_DOCUMENTATION_COMMENTS = YES;
				CLANG_WARN_EMPTY_BODY = YES;
				CLANG_WARN_ENUM_CONVERSION = YES;
				CLANG_WARN_INFINITE_RECURSION = YES;
				CLANG_WARN_INT_CONVERSION = YES;
				CLANG_WARN_NON_LITERAL_NULL_CONVERSION = YES;
				CLANG_WARN_OBJC_IMPLICIT_RETAIN_SELF = YES;
				CLANG_WARN_OBJC_LITERAL_CONVERSION = YES;
				CLANG_WARN_OBJC_ROOT_CLASS = YES_ERROR;
				CLANG_WARN_RANGE_LOOP_ANALYSIS = YES;
				CLANG_WARN_STRICT_PROTOTYPES = YES;
				CLANG_WARN_SUSPICIOUS_MOVE = YES;
				CLANG_WARN_UNGUARDED_AVAILABILITY = YES_AGGRESSIVE;
				CLANG_WARN_UNREACHABLE_CODE = YES;
				CLANG_WARN__DUPLICATE_METHOD_MATCH = YES;
				COPY_PHASE_STRIP = NO;
				DEBUG_INFORMATION_FORMAT = dwarf;
				ENABLE_STRICT_OBJC_MSGSEND = YES;
				ENABLE_TESTABILITY = YES;
				GCC_C_LANGUAGE_STANDARD = gnu11;
				GCC_DYNAMIC_NO_PIC = NO;
				GCC_NO_COMMON_BLOCKS = YES;
				GCC_OPTIMIZATION_LEVEL = 0;
				GCC_PREPROCESSOR_DEFINITIONS = (
					"DEBUG=1",
					"$(inherited)",
				);
				GCC_WARN_64_TO_32_BIT_CONVERSION = YES;
				GCC_WARN_ABOUT_RETURN_TYPE = YES_ERROR;
				GCC_WARN_UNDECLARED_SELECTOR = YES;
				GCC_WARN_UNINITIALIZED_AUTOS = YES_AGGRESSIVE;
				GCC_WARN_UNUSED_FUNCTION = YES;
				GCC_WARN_UNUSED_VARIABLE = YES;
				IPHONEOS_DEPLOYMENT_TARGET = 13.2;
				MTL_ENABLE_DEBUG_INFO = INCLUDE_SOURCE;
				MTL_FAST_MATH = YES;
				ONLY_ACTIVE_ARCH = YES;
				SDKROOT = iphoneos;
				SWIFT_ACTIVE_COMPILATION_CONDITIONS = DEBUG;
				SWIFT_OPTIMIZATION_LEVEL = "-Onone";
			};
			name = Debug;
		};
		25F8B9AF2462C11B005A4CC4 /* Release */ = {
			isa = XCBuildConfiguration;
			buildSettings = {
				ALWAYS_SEARCH_USER_PATHS = NO;
				CLANG_ANALYZER_NONNULL = YES;
				CLANG_ANALYZER_NUMBER_OBJECT_CONVERSION = YES_AGGRESSIVE;
				CLANG_CXX_LANGUAGE_STANDARD = "gnu++14";
				CLANG_CXX_LIBRARY = "libc++";
				CLANG_ENABLE_MODULES = YES;
				CLANG_ENABLE_OBJC_ARC = YES;
				CLANG_ENABLE_OBJC_WEAK = YES;
				CLANG_WARN_BLOCK_CAPTURE_AUTORELEASING = YES;
				CLANG_WARN_BOOL_CONVERSION = YES;
				CLANG_WARN_COMMA = YES;
				CLANG_WARN_CONSTANT_CONVERSION = YES;
				CLANG_WARN_DEPRECATED_OBJC_IMPLEMENTATIONS = YES;
				CLANG_WARN_DIRECT_OBJC_ISA_USAGE = YES_ERROR;
				CLANG_WARN_DOCUMENTATION_COMMENTS = YES;
				CLANG_WARN_EMPTY_BODY = YES;
				CLANG_WARN_ENUM_CONVERSION = YES;
				CLANG_WARN_INFINITE_RECURSION = YES;
				CLANG_WARN_INT_CONVERSION = YES;
				CLANG_WARN_NON_LITERAL_NULL_CONVERSION = YES;
				CLANG_WARN_OBJC_IMPLICIT_RETAIN_SELF = YES;
				CLANG_WARN_OBJC_LITERAL_CONVERSION = YES;
				CLANG_WARN_OBJC_ROOT_CLASS = YES_ERROR;
				CLANG_WARN_RANGE_LOOP_ANALYSIS = YES;
				CLANG_WARN_STRICT_PROTOTYPES = YES;
				CLANG_WARN_SUSPICIOUS_MOVE = YES;
				CLANG_WARN_UNGUARDED_AVAILABILITY = YES_AGGRESSIVE;
				CLANG_WARN_UNREACHABLE_CODE = YES;
				CLANG_WARN__DUPLICATE_METHOD_MATCH = YES;
				COPY_PHASE_STRIP = NO;
				DEBUG_INFORMATION_FORMAT = "dwarf-with-dsym";
				ENABLE_NS_ASSERTIONS = NO;
				ENABLE_STRICT_OBJC_MSGSEND = YES;
				GCC_C_LANGUAGE_STANDARD = gnu11;
				GCC_NO_COMMON_BLOCKS = YES;
				GCC_WARN_64_TO_32_BIT_CONVERSION = YES;
				GCC_WARN_ABOUT_RETURN_TYPE = YES_ERROR;
				GCC_WARN_UNDECLARED_SELECTOR = YES;
				GCC_WARN_UNINITIALIZED_AUTOS = YES_AGGRESSIVE;
				GCC_WARN_UNUSED_FUNCTION = YES;
				GCC_WARN_UNUSED_VARIABLE = YES;
				IPHONEOS_DEPLOYMENT_TARGET = 13.2;
				MTL_ENABLE_DEBUG_INFO = NO;
				MTL_FAST_MATH = YES;
				SDKROOT = iphoneos;
				SWIFT_COMPILATION_MODE = wholemodule;
				SWIFT_OPTIMIZATION_LEVEL = "-O";
				VALIDATE_PRODUCT = YES;
			};
			name = Release;
		};
		25F8B9B12462C11B005A4CC4 /* Debug */ = {
			isa = XCBuildConfiguration;
			baseConfigurationReference = 59D9BAE6ADE0A6AEF3F2F68A /* Pods-FearlessVideoFilter.debug.xcconfig */;
			buildSettings = {
				ASSETCATALOG_COMPILER_APPICON_NAME = AppIcon;
				CODE_SIGN_STYLE = Automatic;
				INFOPLIST_FILE = FearlessVideoFilter/Info.plist;
				IPHONEOS_DEPLOYMENT_TARGET = 11.0;
				LD_RUNPATH_SEARCH_PATHS = (
					"$(inherited)",
					"@executable_path/Frameworks",
				);
				PRODUCT_BUNDLE_IDENTIFIER = com.hackday2020.FearlessVideoFilter;
				PRODUCT_NAME = "$(TARGET_NAME)";
				SWIFT_VERSION = 5.0;
				TARGETED_DEVICE_FAMILY = "1,2";
			};
			name = Debug;
		};
		25F8B9B22462C11B005A4CC4 /* Release */ = {
			isa = XCBuildConfiguration;
			baseConfigurationReference = 47E2633032CF1E94EA508D9A /* Pods-FearlessVideoFilter.release.xcconfig */;
			buildSettings = {
				ASSETCATALOG_COMPILER_APPICON_NAME = AppIcon;
				CODE_SIGN_STYLE = Automatic;
				INFOPLIST_FILE = FearlessVideoFilter/Info.plist;
				IPHONEOS_DEPLOYMENT_TARGET = 11.0;
				LD_RUNPATH_SEARCH_PATHS = (
					"$(inherited)",
					"@executable_path/Frameworks",
				);
				PRODUCT_BUNDLE_IDENTIFIER = com.hackday2020.FearlessVideoFilter;
				PRODUCT_NAME = "$(TARGET_NAME)";
				SWIFT_VERSION = 5.0;
				TARGETED_DEVICE_FAMILY = "1,2";
			};
			name = Release;
		};
		25F8B9B42462C11B005A4CC4 /* Debug */ = {
			isa = XCBuildConfiguration;
			baseConfigurationReference = 8A77B94CD8CD5E92AF4B8F2D /* Pods-FearlessVideoFilterTests.debug.xcconfig */;
			buildSettings = {
				ALWAYS_EMBED_SWIFT_STANDARD_LIBRARIES = YES;
				BUNDLE_LOADER = "$(TEST_HOST)";
				CODE_SIGN_STYLE = Automatic;
				INFOPLIST_FILE = FearlessVideoFilterTests/Info.plist;
				IPHONEOS_DEPLOYMENT_TARGET = 13.2;
				LD_RUNPATH_SEARCH_PATHS = (
					"$(inherited)",
					"@executable_path/Frameworks",
					"@loader_path/Frameworks",
				);
				PRODUCT_BUNDLE_IDENTIFIER = com.hackday2020.FearlessVideoFilterTests;
				PRODUCT_NAME = "$(TARGET_NAME)";
				SWIFT_VERSION = 5.0;
				TARGETED_DEVICE_FAMILY = "1,2";
				TEST_HOST = "$(BUILT_PRODUCTS_DIR)/FearlessVideoFilter.app/FearlessVideoFilter";
			};
			name = Debug;
		};
		25F8B9B52462C11B005A4CC4 /* Release */ = {
			isa = XCBuildConfiguration;
			baseConfigurationReference = BFF3324FC06636AF4CA097E6 /* Pods-FearlessVideoFilterTests.release.xcconfig */;
			buildSettings = {
				ALWAYS_EMBED_SWIFT_STANDARD_LIBRARIES = YES;
				BUNDLE_LOADER = "$(TEST_HOST)";
				CODE_SIGN_STYLE = Automatic;
				INFOPLIST_FILE = FearlessVideoFilterTests/Info.plist;
				IPHONEOS_DEPLOYMENT_TARGET = 13.2;
				LD_RUNPATH_SEARCH_PATHS = (
					"$(inherited)",
					"@executable_path/Frameworks",
					"@loader_path/Frameworks",
				);
				PRODUCT_BUNDLE_IDENTIFIER = com.hackday2020.FearlessVideoFilterTests;
				PRODUCT_NAME = "$(TARGET_NAME)";
				SWIFT_VERSION = 5.0;
				TARGETED_DEVICE_FAMILY = "1,2";
				TEST_HOST = "$(BUILT_PRODUCTS_DIR)/FearlessVideoFilter.app/FearlessVideoFilter";
			};
			name = Release;
		};
		25F8B9B72462C11B005A4CC4 /* Debug */ = {
			isa = XCBuildConfiguration;
			baseConfigurationReference = 8E270368536864220C39F3BE /* Pods-FearlessVideoFilter-FearlessVideoFilterUITests.debug.xcconfig */;
			buildSettings = {
				ALWAYS_EMBED_SWIFT_STANDARD_LIBRARIES = YES;
				CODE_SIGN_STYLE = Automatic;
				INFOPLIST_FILE = FearlessVideoFilterUITests/Info.plist;
				LD_RUNPATH_SEARCH_PATHS = (
					"$(inherited)",
					"@executable_path/Frameworks",
					"@loader_path/Frameworks",
				);
				PRODUCT_BUNDLE_IDENTIFIER = com.hackday2020.FearlessVideoFilterUITests;
				PRODUCT_NAME = "$(TARGET_NAME)";
				SWIFT_VERSION = 5.0;
				TARGETED_DEVICE_FAMILY = "1,2";
				TEST_TARGET_NAME = FearlessVideoFilter;
			};
			name = Debug;
		};
		25F8B9B82462C11B005A4CC4 /* Release */ = {
			isa = XCBuildConfiguration;
			baseConfigurationReference = 807DBB14A3404E8DBE41FB9B /* Pods-FearlessVideoFilter-FearlessVideoFilterUITests.release.xcconfig */;
			buildSettings = {
				ALWAYS_EMBED_SWIFT_STANDARD_LIBRARIES = YES;
				CODE_SIGN_STYLE = Automatic;
				INFOPLIST_FILE = FearlessVideoFilterUITests/Info.plist;
				LD_RUNPATH_SEARCH_PATHS = (
					"$(inherited)",
					"@executable_path/Frameworks",
					"@loader_path/Frameworks",
				);
				PRODUCT_BUNDLE_IDENTIFIER = com.hackday2020.FearlessVideoFilterUITests;
				PRODUCT_NAME = "$(TARGET_NAME)";
				SWIFT_VERSION = 5.0;
				TARGETED_DEVICE_FAMILY = "1,2";
				TEST_TARGET_NAME = FearlessVideoFilter;
			};
			name = Release;
		};
/* End XCBuildConfiguration section */

/* Begin XCConfigurationList section */
		25F8B9812462C119005A4CC4 /* Build configuration list for PBXProject "FearlessVideoFilter" */ = {
			isa = XCConfigurationList;
			buildConfigurations = (
				25F8B9AE2462C11B005A4CC4 /* Debug */,
				25F8B9AF2462C11B005A4CC4 /* Release */,
			);
			defaultConfigurationIsVisible = 0;
			defaultConfigurationName = Release;
		};
		25F8B9B02462C11B005A4CC4 /* Build configuration list for PBXNativeTarget "FearlessVideoFilter" */ = {
			isa = XCConfigurationList;
			buildConfigurations = (
				25F8B9B12462C11B005A4CC4 /* Debug */,
				25F8B9B22462C11B005A4CC4 /* Release */,
			);
			defaultConfigurationIsVisible = 0;
			defaultConfigurationName = Release;
		};
		25F8B9B32462C11B005A4CC4 /* Build configuration list for PBXNativeTarget "FearlessVideoFilterTests" */ = {
			isa = XCConfigurationList;
			buildConfigurations = (
				25F8B9B42462C11B005A4CC4 /* Debug */,
				25F8B9B52462C11B005A4CC4 /* Release */,
			);
			defaultConfigurationIsVisible = 0;
			defaultConfigurationName = Release;
		};
		25F8B9B62462C11B005A4CC4 /* Build configuration list for PBXNativeTarget "FearlessVideoFilterUITests" */ = {
			isa = XCConfigurationList;
			buildConfigurations = (
				25F8B9B72462C11B005A4CC4 /* Debug */,
				25F8B9B82462C11B005A4CC4 /* Release */,
			);
			defaultConfigurationIsVisible = 0;
			defaultConfigurationName = Release;
		};
/* End XCConfigurationList section */
	};
	rootObject = 25F8B97E2462C119005A4CC4 /* Project object */;
}
